
Microsoft Visual Studio Solution File, Format Version 12.00
# Visual Studio Version 17
VisualStudioVersion = 17.11.35222.181
MinimumVisualStudioVersion = 10.0.40219.1
Project("{FAE04EC0-301F-11D3-BF4B-00C04F79EFBC}") = "App_LinQ", "App_LinQ\App_LinQ.csproj", "{AF22C836-CF56-437F-B487-2A38CFE109BD}"
EndProject
Global
	GlobalSection(SolutionConfigurationPlatforms) = preSolution
		Debug|Any CPU = Debug|Any CPU
		Release|Any CPU = Release|Any CPU
	EndGlobalSection
	GlobalSection(ProjectConfigurationPlatforms) = postSolution
		{AF22C836-CF56-437F-B487-2A38CFE109BD}.Debug|Any CPU.ActiveCfg = Debug|Any CPU
		{AF22C836-CF56-437F-B487-2A38CFE109BD}.Debug|Any CPU.Build.0 = Debug|Any CPU
		{AF22C836-CF56-437F-B487-2A38CFE109BD}.Release|Any CPU.ActiveCfg = Release|Any CPU
		{AF22C836-CF56-437F-B487-2A38CFE109BD}.Release|Any CPU.Build.0 = Release|Any CPU
	EndGlobalSection
	GlobalSection(SolutionProperties) = preSolution
		HideSolutionNode = FALSE
	EndGlobalSection
	GlobalSection(ExtensibilityGlobals) = postSolution
		SolutionGuid = {F1ADF863-A69E-4288-8614-3FDF27B5C5D9}
	EndGlobalSection
EndGlobal
